
Microsoft Visual Studio Solution File, Format Version 12.00
# Visual Studio Version 17
VisualStudioVersion = 17.7.34202.233
MinimumVisualStudioVersion = 10.0.40219.1
Project("{FAE04EC0-301F-11D3-BF4B-00C04F79EFBC}") = "EngieApi", "EngieApi\EngieApi.csproj", "{AFA2A680-2908-4250-9645-A6CD86885FD6}"
EndProject
Global
	GlobalSection(SolutionConfigurationPlatforms) = preSolution
		Debug|Any CPU = Debug|Any CPU
		Release|Any CPU = Release|Any CPU
	EndGlobalSection
	GlobalSection(ProjectConfigurationPlatforms) = postSolution
		{AFA2A680-2908-4250-9645-A6CD86885FD6}.Debug|Any CPU.ActiveCfg = Debug|Any CPU
		{AFA2A680-2908-4250-9645-A6CD86885FD6}.Debug|Any CPU.Build.0 = Debug|Any CPU
		{AFA2A680-2908-4250-9645-A6CD86885FD6}.Release|Any CPU.ActiveCfg = Release|Any CPU
		{AFA2A680-2908-4250-9645-A6CD86885FD6}.Release|Any CPU.Build.0 = Release|Any CPU
	EndGlobalSection
	GlobalSection(SolutionProperties) = preSolution
		HideSolutionNode = FALSE
	EndGlobalSection
	GlobalSection(ExtensibilityGlobals) = postSolution
		SolutionGuid = {FA56CF52-479B-490F-9B9A-1B0E65EA74A6}
	EndGlobalSection
EndGlobal
